// !$*UTF8*$!
{
	archiveVersion = 1;
	classes = {
	};
	objectVersion = 46;
	objects = {

/* Begin PBXBuildFile section */
		56E543FA172819700084778D /* main.c in Sources */ = {isa = PBXBuildFile; fileRef = 56E543F9172819700084778D /* main.c */; };
		56E543FC172819700084778D /* ProducerConsumerGCD.1 in CopyFiles */ = {isa = PBXBuildFile; fileRef = 56E543FB172819700084778D /* ProducerConsumerGCD.1 */; };
/* End PBXBuildFile section */

/* Begin PBXCopyFilesBuildPhase section */
		56E543F4172819700084778D /* CopyFiles */ = {
			isa = PBXCopyFilesBuildPhase;
			buildActionMask = 2147483647;
			dstPath = /usr/share/man/man1/;
			dstSubfolderSpec = 0;
			files = (
				56E543FC172819700084778D /* ProducerConsumerGCD.1 in CopyFiles */,
			);
			runOnlyForDeploymentPostprocessing = 1;
		};
/* End PBXCopyFilesBuildPhase section */

/* Begin PBXFileReference section */
		56E543F6172819700084778D /* ProducerConsumerGCD */ = {isa = PBXFileReference; explicitFileType = "compiled.mach-o.executable"; includeInIndex = 0; path = ProducerConsumerGCD; sourceTree = BUILT_PRODUCTS_DIR; };
		56E543F9172819700084778D /* main.c */ = {isa = PBXFileReference; lastKnownFileType = sourcecode.c.c; path = main.c; sourceTree = "<group>"; };
		56E543FB172819700084778D /* ProducerConsumerGCD.1 */ = {isa = PBXFileReference; lastKnownFileType = text.man; path = ProducerConsumerGCD.1; sourceTree = "<group>"; };
/* End PBXFileReference section */

/* Begin PBXFrameworksBuildPhase section */
		56E543F3172819700084778D /* Frameworks */ = {
			isa = PBXFrameworksBuildPhase;
			buildActionMask = 2147483647;
			files = (
			);
			runOnlyForDeploymentPostprocessing = 0;
		};
/* End PBXFrameworksBuildPhase section */

/* Begin PBXGroup section */
		56E543ED172819700084778D = {
			isa = PBXGroup;
			children = (
				56E543F8172819700084778D /* ProducerConsumerGCD */,
				56E543F7172819700084778D /* Products */,
			);
			sourceTree = "<group>";
		};
		56E543F7172819700084778D /* Products */ = {
			isa = PBXGroup;
			children = (
				56E543F6172819700084778D /* ProducerConsumerGCD */,
			);
			name = Products;
			sourceTree = "<group>";
		};
		56E543F8172819700084778D /* ProducerConsumerGCD */ = {
			isa = PBXGroup;
			children = (
				56E543F9172819700084778D /* main.c */,
				56E543FB172819700084778D /* ProducerConsumerGCD.1 */,
			);
			path = ProducerConsumerGCD;
			sourceTree = "<group>";
		};
/* End PBXGroup section */

/* Begin PBXNativeTarget section */
		56E543F5172819700084778D /* ProducerConsumerGCD */ = {
			isa = PBXNativeTarget;
			buildConfigurationList = 56E543FF172819700084778D /* Build configuration list for PBXNativeTarget "ProducerConsumerGCD" */;
			buildPhases = (
				56E543F2172819700084778D /* Sources */,
				56E543F3172819700084778D /* Frameworks */,
				56E543F4172819700084778D /* CopyFiles */,
			);
			buildRules = (
			);
			dependencies = (
			);
			name = ProducerConsumerGCD;
			productName = ProducerConsumerGCD;
			productReference = 56E543F6172819700084778D /* ProducerConsumerGCD */;
			productType = "com.apple.product-type.tool";
		};
/* End PBXNativeTarget section */

/* Begin PBXProject section */
		56E543EE172819700084778D /* Project object */ = {
			isa = PBXProject;
			attributes = {
				LastUpgradeCheck = 0460;
				ORGANIZATIONNAME = "Oguzhan Gungor";
			};
			buildConfigurationList = 56E543F1172819700084778D /* Build configuration list for PBXProject "ProducerConsumerGCD" */;
			compatibilityVersion = "Xcode 3.2";
			developmentRegion = English;
			hasScannedForEncodings = 0;
			knownRegions = (
				en,
			);
			mainGroup = 56E543ED172819700084778D;
			productRefGroup = 56E543F7172819700084778D /* Products */;
			projectDirPath = "";
			projectRoot = "";
			targets = (
				56E543F5172819700084778D /* ProducerConsumerGCD */,
			);
		};
/* End PBXProject section */

/* Begin PBXSourcesBuildPhase section */
		56E543F2172819700084778D /* Sources */ = {
			isa = PBXSourcesBuildPhase;
			buildActionMask = 2147483647;
			files = (
				56E543FA172819700084778D /* main.c in Sources */,
			);
			runOnlyForDeploymentPostprocessing = 0;
		};
/* End PBXSourcesBuildPhase section */

/* Begin XCBuildConfiguration section */
		56E543FD172819700084778D /* Debug */ = {
			isa = XCBuildConfiguration;
			buildSettings = {
				ALWAYS_SEARCH_USER_PATHS = NO;
				ARCHS = "$(ARCHS_STANDARD_64_BIT)";
				CLANG_CXX_LANGUAGE_STANDARD = "gnu++0x";
				CLANG_CXX_LIBRARY = "libc++";
				CLANG_WARN_CONSTANT_CONVERSION = YES;
				CLANG_WARN_EMPTY_BODY = YES;
				CLANG_WARN_ENUM_CONVERSION = YES;
				CLANG_WARN_INT_CONVERSION = YES;
				CLANG_WARN__DUPLICATE_METHOD_MATCH = YES;
				COPY_PHASE_STRIP = NO;
				GCC_C_LANGUAGE_STANDARD = gnu99;
				GCC_DYNAMIC_NO_PIC = NO;
				GCC_ENABLE_OBJC_EXCEPTIONS = YES;
				GCC_OPTIMIZATION_LEVEL = 0;
				GCC_PREPROCESSOR_DEFINITIONS = (
					"DEBUG=1",
					"$(inherited)",
				);
				GCC_SYMBOLS_PRIVATE_EXTERN = NO;
				GCC_WARN_64_TO_32_BIT_CONVERSION = YES;
				GCC_WARN_ABOUT_RETURN_TYPE = YES;
				GCC_WARN_UNINITIALIZED_AUTOS = YES;
				GCC_WARN_UNUSED_VARIABLE = YES;
				MACOSX_DEPLOYMENT_TARGET = 10.8;
				ONLY_ACTIVE_ARCH = YES;
				SDKROOT = macosx;
			};
			name = Debug;
		};
		56E543FE172819700084778D /* Release */ = {
			isa = XCBuildConfiguration;
			buildSettings = {
				ALWAYS_SEARCH_USER_PATHS = NO;
				ARCHS = "$(ARCHS_STANDARD_64_BIT)";
				CLANG_CXX_LANGUAGE_STANDARD = "gnu++0x";
				CLANG_CXX_LIBRARY = "libc++";
				CLANG_WARN_CONSTANT_CONVERSION = YES;
				CLANG_WARN_EMPTY_BODY = YES;
				CLANG_WARN_ENUM_CONVERSION = YES;
				CLANG_WARN_INT_CONVERSION = YES;
				CLANG_WARN__DUPLICATE_METHOD_MATCH = YES;
				COPY_PHASE_STRIP = YES;
				DEBUG_INFORMATION_FORMAT = "dwarf-with-dsym";
				GCC_C_LANGUAGE_STANDARD = gnu99;
				GCC_ENABLE_OBJC_EXCEPTIONS = YES;
				GCC_WARN_64_TO_32_BIT_CONVERSION = YES;
				GCC_WARN_ABOUT_RETURN_TYPE = YES;
				GCC_WARN_UNINITIALIZED_AUTOS = YES;
				GCC_WARN_UNUSED_VARIABLE = YES;
				MACOSX_DEPLOYMENT_TARGET = 10.8;
				SDKROOT = macosx;
			};
			name = Release;
		};
		56E54400172819700084778D /* Debug */ = {
			isa = XCBuildConfiguration;
			buildSettings = {
				PRODUCT_NAME = "$(TARGET_NAME)";
			};
			name = Debug;
		};
		56E54401172819700084778D /* Release */ = {
			isa = XCBuildConfiguration;
			buildSettings = {
				PRODUCT_NAME = "$(TARGET_NAME)";
			};
			name = Release;
		};
/* End XCBuildConfiguration section */

/* Begin XCConfigurationList section */
		56E543F1172819700084778D /* Build configuration list for PBXProject "ProducerConsumerGCD" */ = {
			isa = XCConfigurationList;
			buildConfigurations = (
				56E543FD172819700084778D /* Debug */,
				56E543FE172819700084778D /* Release */,
			);
			defaultConfigurationIsVisible = 0;
			defaultConfigurationName = Release;
		};
		56E543FF172819700084778D /* Build configuration list for PBXNativeTarget "ProducerConsumerGCD" */ = {
			isa = XCConfigurationList;
			buildConfigurations = (
				56E54400172819700084778D /* Debug */,
				56E54401172819700084778D /* Release */,
			);
			defaultConfigurationIsVisible = 0;
		};
/* End XCConfigurationList section */
	};
	rootObject = 56E543EE172819700084778D /* Project object */;
}
